
Microsoft Visual Studio Solution File, Format Version 12.00
# Visual Studio Version 17
VisualStudioVersion = 17.7.34221.43
MinimumVisualStudioVersion = 10.0.40219.1
Project("{9A19103F-16F7-4668-BE54-9A1E7A4F7556}") = "Reservio", "Hosptil\Reservio.csproj", "{27678840-3F49-44FC-B27D-D0A81E2564A2}"
EndProject
Global
	GlobalSection(SolutionConfigurationPlatforms) = preSolution
		Debug|Any CPU = Debug|Any CPU
		Release|Any CPU = Release|Any CPU
	EndGlobalSection
	GlobalSection(ProjectConfigurationPlatforms) = postSolution
		{27678840-3F49-44FC-B27D-D0A81E2564A2}.Debug|Any CPU.ActiveCfg = Debug|Any CPU
		{27678840-3F49-44FC-B27D-D0A81E2564A2}.Debug|Any CPU.Build.0 = Debug|Any CPU
		{27678840-3F49-44FC-B27D-D0A81E2564A2}.Release|Any CPU.ActiveCfg = Release|Any CPU
		{27678840-3F49-44FC-B27D-D0A81E2564A2}.Release|Any CPU.Build.0 = Release|Any CPU
	EndGlobalSection
	GlobalSection(SolutionProperties) = preSolution
		HideSolutionNode = FALSE
	EndGlobalSection
	GlobalSection(ExtensibilityGlobals) = postSolution
		SolutionGuid = {06AB27D7-F4DF-4C6E-9A95-B852258BAF79}
	EndGlobalSection
EndGlobal
